
Microsoft Visual Studio Solution File, Format Version 12.00
# Visual Studio Version 16
VisualStudioVersion = 16.0.30524.135
MinimumVisualStudioVersion = 10.0.40219.1
Project("{FAE04EC0-301F-11D3-BF4B-00C04F79EFBC}") = "RuleX", "src\RuleX\RuleX.csproj", "{A5725489-D827-4182-88A0-A70DD30E35D4}"
EndProject
Global
	GlobalSection(SolutionConfigurationPlatforms) = preSolution
		Debug|Any CPU = Debug|Any CPU
		Release|Any CPU = Release|Any CPU
	EndGlobalSection
	GlobalSection(ProjectConfigurationPlatforms) = postSolution
		{A5725489-D827-4182-88A0-A70DD30E35D4}.Debug|Any CPU.ActiveCfg = Debug|Any CPU
		{A5725489-D827-4182-88A0-A70DD30E35D4}.Debug|Any CPU.Build.0 = Debug|Any CPU
		{A5725489-D827-4182-88A0-A70DD30E35D4}.Release|Any CPU.ActiveCfg = Release|Any CPU
		{A5725489-D827-4182-88A0-A70DD30E35D4}.Release|Any CPU.Build.0 = Release|Any CPU
	EndGlobalSection
	GlobalSection(SolutionProperties) = preSolution
		HideSolutionNode = FALSE
	EndGlobalSection
	GlobalSection(ExtensibilityGlobals) = postSolution
		SolutionGuid = {54961FAE-1AA7-4B3B-B708-438828278702}
	EndGlobalSection
EndGlobal
